
Microsoft Visual Studio Solution File, Format Version 12.00
# Visual Studio Version 17
VisualStudioVersion = 17.10.34916.146
MinimumVisualStudioVersion = 10.0.40219.1
Project("{FAE04EC0-301F-11D3-BF4B-00C04F79EFBC}") = "ndtlesson09", "ndtlesson09\ndtlesson09.csproj", "{D19A200E-B032-4838-8295-9EF95B09835E}"
EndProject
Global
	GlobalSection(SolutionConfigurationPlatforms) = preSolution
		Debug|Any CPU = Debug|Any CPU
		Release|Any CPU = Release|Any CPU
	EndGlobalSection
	GlobalSection(ProjectConfigurationPlatforms) = postSolution
		{D19A200E-B032-4838-8295-9EF95B09835E}.Debug|Any CPU.ActiveCfg = Debug|Any CPU
		{D19A200E-B032-4838-8295-9EF95B09835E}.Debug|Any CPU.Build.0 = Debug|Any CPU
		{D19A200E-B032-4838-8295-9EF95B09835E}.Release|Any CPU.ActiveCfg = Release|Any CPU
		{D19A200E-B032-4838-8295-9EF95B09835E}.Release|Any CPU.Build.0 = Release|Any CPU
	EndGlobalSection
	GlobalSection(SolutionProperties) = preSolution
		HideSolutionNode = FALSE
	EndGlobalSection
	GlobalSection(ExtensibilityGlobals) = postSolution
		SolutionGuid = {37E45161-0D3D-4294-8748-27F33AAE8308}
	EndGlobalSection
EndGlobal
